
Microsoft Visual Studio Solution File, Format Version 12.00
# Visual Studio 15
VisualStudioVersion = 15.0.28010.0
MinimumVisualStudioVersion = 10.0.40219.1
Project("{9A19103F-16F7-4668-BE54-9A1E7A4F7556}") = "CodecControl.Web", "src\CodecControl.Web\CodecControl.Web.csproj", "{4C01BD46-17C6-4A78-93B6-489D70ACDAFC}"
EndProject
Project("{9A19103F-16F7-4668-BE54-9A1E7A4F7556}") = "CodecControl.Client", "src\CodecControl.Client\CodecControl.Client.csproj", "{04D715D0-8F54-4953-AC51-010F63CEE893}"
EndProject
Project("{2150E333-8FDC-42A3-9474-1A3956D46DE8}") = "src", "src", "{7BD8B44B-AF6D-4933-9BDF-35E218FC0677}"
EndProject
Project("{2150E333-8FDC-42A3-9474-1A3956D46DE8}") = "test", "test", "{546E5B7F-CDEB-4C89-938A-CFED0AAABC58}"
EndProject
Project("{9A19103F-16F7-4668-BE54-9A1E7A4F7556}") = "CodecControl.IntegrationTests", "CodecControl.IntegrationTests\CodecControl.IntegrationTests.csproj", "{5807E4AD-991D-41F7-9A01-2475ECF2D27C}"
EndProject
Project("{2150E333-8FDC-42A3-9474-1A3956D46DE8}") = "Solution Items", "Solution Items", "{9CB6046D-C122-4D35-847C-1E65D59867D1}"
	ProjectSection(SolutionItems) = preProject
		README.md = README.md
	EndProjectSection
EndProject
Project("{9A19103F-16F7-4668-BE54-9A1E7A4F7556}") = "CodecControl.Data", "src\CodecControl.Data\CodecControl.Data.csproj", "{44B33991-D34F-4882-9942-F147A74ECA55}"
EndProject
Global
	GlobalSection(SolutionConfigurationPlatforms) = preSolution
		Debug|Any CPU = Debug|Any CPU
		Release|Any CPU = Release|Any CPU
	EndGlobalSection
	GlobalSection(ProjectConfigurationPlatforms) = postSolution
		{4C01BD46-17C6-4A78-93B6-489D70ACDAFC}.Debug|Any CPU.ActiveCfg = Debug|Any CPU
		{4C01BD46-17C6-4A78-93B6-489D70ACDAFC}.Debug|Any CPU.Build.0 = Debug|Any CPU
		{4C01BD46-17C6-4A78-93B6-489D70ACDAFC}.Release|Any CPU.ActiveCfg = Release|Any CPU
		{4C01BD46-17C6-4A78-93B6-489D70ACDAFC}.Release|Any CPU.Build.0 = Release|Any CPU
		{04D715D0-8F54-4953-AC51-010F63CEE893}.Debug|Any CPU.ActiveCfg = Debug|Any CPU
		{04D715D0-8F54-4953-AC51-010F63CEE893}.Debug|Any CPU.Build.0 = Debug|Any CPU
		{04D715D0-8F54-4953-AC51-010F63CEE893}.Release|Any CPU.ActiveCfg = Release|Any CPU
		{04D715D0-8F54-4953-AC51-010F63CEE893}.Release|Any CPU.Build.0 = Release|Any CPU
		{5807E4AD-991D-41F7-9A01-2475ECF2D27C}.Debug|Any CPU.ActiveCfg = Debug|Any CPU
		{5807E4AD-991D-41F7-9A01-2475ECF2D27C}.Debug|Any CPU.Build.0 = Debug|Any CPU
		{5807E4AD-991D-41F7-9A01-2475ECF2D27C}.Release|Any CPU.ActiveCfg = Release|Any CPU
		{5807E4AD-991D-41F7-9A01-2475ECF2D27C}.Release|Any CPU.Build.0 = Release|Any CPU
		{44B33991-D34F-4882-9942-F147A74ECA55}.Debug|Any CPU.ActiveCfg = Debug|Any CPU
		{44B33991-D34F-4882-9942-F147A74ECA55}.Debug|Any CPU.Build.0 = Debug|Any CPU
		{44B33991-D34F-4882-9942-F147A74ECA55}.Release|Any CPU.ActiveCfg = Release|Any CPU
		{44B33991-D34F-4882-9942-F147A74ECA55}.Release|Any CPU.Build.0 = Release|Any CPU
	EndGlobalSection
	GlobalSection(SolutionProperties) = preSolution
		HideSolutionNode = FALSE
	EndGlobalSection
	GlobalSection(NestedProjects) = preSolution
		{4C01BD46-17C6-4A78-93B6-489D70ACDAFC} = {7BD8B44B-AF6D-4933-9BDF-35E218FC0677}
		{04D715D0-8F54-4953-AC51-010F63CEE893} = {7BD8B44B-AF6D-4933-9BDF-35E218FC0677}
		{5807E4AD-991D-41F7-9A01-2475ECF2D27C} = {546E5B7F-CDEB-4C89-938A-CFED0AAABC58}
		{44B33991-D34F-4882-9942-F147A74ECA55} = {7BD8B44B-AF6D-4933-9BDF-35E218FC0677}
	EndGlobalSection
	GlobalSection(ExtensibilityGlobals) = postSolution
		SolutionGuid = {2D4BB099-0D46-4172-AAC8-492A9BFAE48F}
	EndGlobalSection
EndGlobal
